
Microsoft Visual Studio Solution File, Format Version 12.00
# Visual Studio 15
VisualStudioVersion = 15.0.28307.168
MinimumVisualStudioVersion = 10.0.40219.1
Project("{9A19103F-16F7-4668-BE54-9A1E7A4F7556}") = "Upope", "Upope\Upope.csproj", "{CED6BCAF-0E23-492F-A5AA-2A2E75F32F73}"
EndProject
Project("{FAE04EC0-301F-11D3-BF4B-00C04F79EFBC}") = "Upope.Identity", "Upope.Identity\Upope.Identity.csproj", "{FEB894F8-6665-4CA9-9FF3-9C016ED95151}"
EndProject
Global
	GlobalSection(SolutionConfigurationPlatforms) = preSolution
		Debug|Any CPU = Debug|Any CPU
		Release|Any CPU = Release|Any CPU
	EndGlobalSection
	GlobalSection(ProjectConfigurationPlatforms) = postSolution
		{CED6BCAF-0E23-492F-A5AA-2A2E75F32F73}.Debug|Any CPU.ActiveCfg = Debug|Any CPU
		{CED6BCAF-0E23-492F-A5AA-2A2E75F32F73}.Debug|Any CPU.Build.0 = Debug|Any CPU
		{CED6BCAF-0E23-492F-A5AA-2A2E75F32F73}.Release|Any CPU.ActiveCfg = Release|Any CPU
		{CED6BCAF-0E23-492F-A5AA-2A2E75F32F73}.Release|Any CPU.Build.0 = Release|Any CPU
		{FEB894F8-6665-4CA9-9FF3-9C016ED95151}.Debug|Any CPU.ActiveCfg = Debug|Any CPU
		{FEB894F8-6665-4CA9-9FF3-9C016ED95151}.Debug|Any CPU.Build.0 = Debug|Any CPU
		{FEB894F8-6665-4CA9-9FF3-9C016ED95151}.Release|Any CPU.ActiveCfg = Release|Any CPU
		{FEB894F8-6665-4CA9-9FF3-9C016ED95151}.Release|Any CPU.Build.0 = Release|Any CPU
	EndGlobalSection
	GlobalSection(SolutionProperties) = preSolution
		HideSolutionNode = FALSE
	EndGlobalSection
	GlobalSection(ExtensibilityGlobals) = postSolution
		SolutionGuid = {F87FC7FE-A6DC-468D-B4D9-E2B2050F057D}
	EndGlobalSection
EndGlobal
