
Microsoft Visual Studio Solution File, Format Version 12.00
# Visual Studio Version 16
VisualStudioVersion = 16.0.29025.244
MinimumVisualStudioVersion = 10.0.40219.1
Project("{9A19103F-16F7-4668-BE54-9A1E7A4F7556}") = "Upope", "Upope\Upope.csproj", "{CED6BCAF-0E23-492F-A5AA-2A2E75F32F73}"
EndProject
Project("{9A19103F-16F7-4668-BE54-9A1E7A4F7556}") = "Upope.Identity", "Upope.Identity\Upope.Identity.csproj", "{FEB894F8-6665-4CA9-9FF3-9C016ED95151}"
EndProject
Project("{9A19103F-16F7-4668-BE54-9A1E7A4F7556}") = "Upope.ClientTests", "Upope.ClientTests\Upope.ClientTests.csproj", "{FBC76D28-5618-4534-A105-A5CE3D5E6068}"
EndProject
Project("{9A19103F-16F7-4668-BE54-9A1E7A4F7556}") = "Upope.Challenge", "Upope.Challenge\Upope.Challenge.csproj", "{B99B5200-AAD1-4110-B7D3-AFA305C78135}"
EndProject
Project("{9A19103F-16F7-4668-BE54-9A1E7A4F7556}") = "Upope.ServiceBase", "Upope.ServiceBase\Upope.ServiceBase.csproj", "{4700E485-6D7A-4E19-A2B9-39FC9874DC04}"
EndProject
Project("{9A19103F-16F7-4668-BE54-9A1E7A4F7556}") = "Upope.Loyalty", "Upope.Loyalty\Upope.Loyalty.csproj", "{24F0DE38-99A9-4B47-B34E-B2BB1927C183}"
EndProject
Project("{9A19103F-16F7-4668-BE54-9A1E7A4F7556}") = "Upope.Game", "Upope.Game\Upope.Game.csproj", "{4736C94F-44A7-4996-994C-943C913373FB}"
EndProject
Project("{9A19103F-16F7-4668-BE54-9A1E7A4F7556}") = "Upope.WebSocketTest", "Upope.WebSocketTest\Upope.WebSocketTest.csproj", "{1C7326AC-970B-4146-B4E0-BD44E98086E0}"
EndProject
Project("{9A19103F-16F7-4668-BE54-9A1E7A4F7556}") = "Upope.Chat", "Upope.Chat\Upope.Chat.csproj", "{E3C0683E-EEE8-4667-ABEB-9CB99B49124D}"
EndProject
Project("{9A19103F-16F7-4668-BE54-9A1E7A4F7556}") = "Upope.Notification", "Upope.Notification\Upope.Notification.csproj", "{4531EA5F-5230-4E27-AA80-1104852EE904}"
EndProject
Project("{FAE04EC0-301F-11D3-BF4B-00C04F79EFBC}") = "Upope.ClientNotificationTests", "Upope.ClientNotificationTests\Upope.ClientNotificationTests.csproj", "{71ABEF64-E57D-4C88-A267-BA8B16DF7005}"
EndProject
Global
	GlobalSection(SolutionConfigurationPlatforms) = preSolution
		Debug|Any CPU = Debug|Any CPU
		Release|Any CPU = Release|Any CPU
	EndGlobalSection
	GlobalSection(ProjectConfigurationPlatforms) = postSolution
		{CED6BCAF-0E23-492F-A5AA-2A2E75F32F73}.Debug|Any CPU.ActiveCfg = Debug|Any CPU
		{CED6BCAF-0E23-492F-A5AA-2A2E75F32F73}.Debug|Any CPU.Build.0 = Debug|Any CPU
		{CED6BCAF-0E23-492F-A5AA-2A2E75F32F73}.Release|Any CPU.ActiveCfg = Release|Any CPU
		{CED6BCAF-0E23-492F-A5AA-2A2E75F32F73}.Release|Any CPU.Build.0 = Release|Any CPU
		{FEB894F8-6665-4CA9-9FF3-9C016ED95151}.Debug|Any CPU.ActiveCfg = Debug|Any CPU
		{FEB894F8-6665-4CA9-9FF3-9C016ED95151}.Debug|Any CPU.Build.0 = Debug|Any CPU
		{FEB894F8-6665-4CA9-9FF3-9C016ED95151}.Release|Any CPU.ActiveCfg = Release|Any CPU
		{FEB894F8-6665-4CA9-9FF3-9C016ED95151}.Release|Any CPU.Build.0 = Release|Any CPU
		{FBC76D28-5618-4534-A105-A5CE3D5E6068}.Debug|Any CPU.ActiveCfg = Debug|Any CPU
		{FBC76D28-5618-4534-A105-A5CE3D5E6068}.Debug|Any CPU.Build.0 = Debug|Any CPU
		{FBC76D28-5618-4534-A105-A5CE3D5E6068}.Release|Any CPU.ActiveCfg = Release|Any CPU
		{FBC76D28-5618-4534-A105-A5CE3D5E6068}.Release|Any CPU.Build.0 = Release|Any CPU
		{B99B5200-AAD1-4110-B7D3-AFA305C78135}.Debug|Any CPU.ActiveCfg = Debug|Any CPU
		{B99B5200-AAD1-4110-B7D3-AFA305C78135}.Debug|Any CPU.Build.0 = Debug|Any CPU
		{B99B5200-AAD1-4110-B7D3-AFA305C78135}.Release|Any CPU.ActiveCfg = Release|Any CPU
		{B99B5200-AAD1-4110-B7D3-AFA305C78135}.Release|Any CPU.Build.0 = Release|Any CPU
		{4700E485-6D7A-4E19-A2B9-39FC9874DC04}.Debug|Any CPU.ActiveCfg = Debug|Any CPU
		{4700E485-6D7A-4E19-A2B9-39FC9874DC04}.Debug|Any CPU.Build.0 = Debug|Any CPU
		{4700E485-6D7A-4E19-A2B9-39FC9874DC04}.Release|Any CPU.ActiveCfg = Release|Any CPU
		{4700E485-6D7A-4E19-A2B9-39FC9874DC04}.Release|Any CPU.Build.0 = Release|Any CPU
		{24F0DE38-99A9-4B47-B34E-B2BB1927C183}.Debug|Any CPU.ActiveCfg = Debug|Any CPU
		{24F0DE38-99A9-4B47-B34E-B2BB1927C183}.Debug|Any CPU.Build.0 = Debug|Any CPU
		{24F0DE38-99A9-4B47-B34E-B2BB1927C183}.Release|Any CPU.ActiveCfg = Release|Any CPU
		{24F0DE38-99A9-4B47-B34E-B2BB1927C183}.Release|Any CPU.Build.0 = Release|Any CPU
		{4736C94F-44A7-4996-994C-943C913373FB}.Debug|Any CPU.ActiveCfg = Debug|Any CPU
		{4736C94F-44A7-4996-994C-943C913373FB}.Debug|Any CPU.Build.0 = Debug|Any CPU
		{4736C94F-44A7-4996-994C-943C913373FB}.Release|Any CPU.ActiveCfg = Release|Any CPU
		{4736C94F-44A7-4996-994C-943C913373FB}.Release|Any CPU.Build.0 = Release|Any CPU
		{1C7326AC-970B-4146-B4E0-BD44E98086E0}.Debug|Any CPU.ActiveCfg = Debug|Any CPU
		{1C7326AC-970B-4146-B4E0-BD44E98086E0}.Debug|Any CPU.Build.0 = Debug|Any CPU
		{1C7326AC-970B-4146-B4E0-BD44E98086E0}.Release|Any CPU.ActiveCfg = Release|Any CPU
		{1C7326AC-970B-4146-B4E0-BD44E98086E0}.Release|Any CPU.Build.0 = Release|Any CPU
		{E3C0683E-EEE8-4667-ABEB-9CB99B49124D}.Debug|Any CPU.ActiveCfg = Debug|Any CPU
		{E3C0683E-EEE8-4667-ABEB-9CB99B49124D}.Debug|Any CPU.Build.0 = Debug|Any CPU
		{E3C0683E-EEE8-4667-ABEB-9CB99B49124D}.Release|Any CPU.ActiveCfg = Release|Any CPU
		{E3C0683E-EEE8-4667-ABEB-9CB99B49124D}.Release|Any CPU.Build.0 = Release|Any CPU
		{4531EA5F-5230-4E27-AA80-1104852EE904}.Debug|Any CPU.ActiveCfg = Debug|Any CPU
		{4531EA5F-5230-4E27-AA80-1104852EE904}.Debug|Any CPU.Build.0 = Debug|Any CPU
		{4531EA5F-5230-4E27-AA80-1104852EE904}.Release|Any CPU.ActiveCfg = Release|Any CPU
		{4531EA5F-5230-4E27-AA80-1104852EE904}.Release|Any CPU.Build.0 = Release|Any CPU
		{71ABEF64-E57D-4C88-A267-BA8B16DF7005}.Debug|Any CPU.ActiveCfg = Debug|Any CPU
		{71ABEF64-E57D-4C88-A267-BA8B16DF7005}.Debug|Any CPU.Build.0 = Debug|Any CPU
		{71ABEF64-E57D-4C88-A267-BA8B16DF7005}.Release|Any CPU.ActiveCfg = Release|Any CPU
		{71ABEF64-E57D-4C88-A267-BA8B16DF7005}.Release|Any CPU.Build.0 = Release|Any CPU
	EndGlobalSection
	GlobalSection(SolutionProperties) = preSolution
		HideSolutionNode = FALSE
	EndGlobalSection
	GlobalSection(ExtensibilityGlobals) = postSolution
		SolutionGuid = {F87FC7FE-A6DC-468D-B4D9-E2B2050F057D}
	EndGlobalSection
EndGlobal
